# THIS IS AN AUTOGENERATED FILE. DO NOT EDIT THIS FILE DIRECTLY.
# yarn lockfile v1


mustache@^4.0.1:
  version "4.1.0"
  resolved "https://registry.yarnpkg.com/mustache/-/mustache-4.1.0.tgz#8c1b042238a982d2eb2d30efc6c14296ae3f699d"
  integrity sha512-0FsgP/WVq4mKyjolIyX+Z9Bd+3WS8GOwoUTyKXT5cTYMGeauNTi2HPCwERqseC1IHAy0Z7MDZnJBfjabd4O8GQ==
